github.com/nunocoracao/blowfish/v2 v2.65.0 h1:dILj1VfJvK7e40TYhi4KWXoiQFWl0h+PsAUuGtXJ3+g=
github.com/nunocoracao/blowfish/v2 v2.65.0/go.mod h1:4SkMc+Ht8gpQCwArqiHMBDP3soxi2OWuAhVney+cuyk=
github.com/nusserstudios/tailbliss v0.0.0-20240207115344-fc812898bb6e h1:yh/vJgBbve75Yb9B0U61Ug+7EZguZuc50XJAdrPeRkA=
github.com/nusserstudios/tailbliss v0.0.0-20240207115344-fc812898bb6e/go.mod h1:M3j6IqtQdtuI00xn0zi+RGcva3zJtzrMbk15nJaZJCU=
